// !$*UTF8*$!
{
	archiveVersion = 1;
	classes = {
	};
	objectVersion = 48;
	objects = {

/* Begin PBXBuildFile section */
		A27B92972175D0F500D18AB8 /* AppDelegate.m in Sources */ = {isa = PBXBuildFile; fileRef = A27B92962175D0F500D18AB8 /* AppDelegate.m */; };
		A27B929A2175D0F500D18AB8 /* ViewController.m in Sources */ = {isa = PBXBuildFile; fileRef = A27B92992175D0F500D18AB8 /* ViewController.m */; };
		A27B92A02175D0F500D18AB8 /* threeParties_JS_OC_demo.xcdatamodeld in Sources */ = {isa = PBXBuildFile; fileRef = A27B929E2175D0F500D18AB8 /* threeParties_JS_OC_demo.xcdatamodeld */; };
		A27B92A22175D0F500D18AB8 /* Assets.xcassets in Resources */ = {isa = PBXBuildFile; fileRef = A27B92A12175D0F500D18AB8 /* Assets.xcassets */; };
		A27B92A52175D0F500D18AB8 /* LaunchScreen.storyboard in Resources */ = {isa = PBXBuildFile; fileRef = A27B92A32175D0F500D18AB8 /* LaunchScreen.storyboard */; };
		A27B92A82175D0F500D18AB8 /* main.m in Sources */ = {isa = PBXBuildFile; fileRef = A27B92A72175D0F500D18AB8 /* main.m */; };
		A27B92B72175D1FC00D18AB8 /* WebViewJavascriptBridge.m in Sources */ = {isa = PBXBuildFile; fileRef = A27B92B02175D1FC00D18AB8 /* WebViewJavascriptBridge.m */; };
		A27B92B82175D1FC00D18AB8 /* WebViewJavascriptBridge_JS.m in Sources */ = {isa = PBXBuildFile; fileRef = A27B92B22175D1FC00D18AB8 /* WebViewJavascriptBridge_JS.m */; };
		A27B92B92175D1FC00D18AB8 /* WebViewJavascriptBridgeBase.m in Sources */ = {isa = PBXBuildFile; fileRef = A27B92B42175D1FC00D18AB8 /* WebViewJavascriptBridgeBase.m */; };
		A27B92BA2175D1FC00D18AB8 /* WKWebViewJavascriptBridge.m in Sources */ = {isa = PBXBuildFile; fileRef = A27B92B62175D1FC00D18AB8 /* WKWebViewJavascriptBridge.m */; };
		A27B92BD2175D26500D18AB8 /* TYWebViewController.m in Sources */ = {isa = PBXBuildFile; fileRef = A27B92BC2175D26500D18AB8 /* TYWebViewController.m */; };
		A27B92BF2175DA5B00D18AB8 /* ExampleApp.html in Resources */ = {isa = PBXBuildFile; fileRef = A27B92BE2175DA5B00D18AB8 /* ExampleApp.html */; };
/* End PBXBuildFile section */

/* Begin PBXFileReference section */
		A27B92922175D0F500D18AB8 /* threeParties_JS&OC_demo.app */ = {isa = PBXFileReference; explicitFileType = wrapper.application; includeInIndex = 0; path = "threeParties_JS&OC_demo.app"; sourceTree = BUILT_PRODUCTS_DIR; };
		A27B92952175D0F500D18AB8 /* AppDelegate.h */ = {isa = PBXFileReference; lastKnownFileType = sourcecode.c.h; path = AppDelegate.h; sourceTree = "<group>"; };
		A27B92962175D0F500D18AB8 /* AppDelegate.m */ = {isa = PBXFileReference; lastKnownFileType = sourcecode.c.objc; path = AppDelegate.m; sourceTree = "<group>"; };
		A27B92982175D0F500D18AB8 /* ViewController.h */ = {isa = PBXFileReference; lastKnownFileType = sourcecode.c.h; path = ViewController.h; sourceTree = "<group>"; };
		A27B92992175D0F500D18AB8 /* ViewController.m */ = {isa = PBXFileReference; lastKnownFileType = sourcecode.c.objc; path = ViewController.m; sourceTree = "<group>"; };
		A27B929F2175D0F500D18AB8 /* threeParties_JS_OC_demo.xcdatamodel */ = {isa = PBXFileReference; lastKnownFileType = wrapper.xcdatamodel; path = threeParties_JS_OC_demo.xcdatamodel; sourceTree = "<group>"; };
		A27B92A12175D0F500D18AB8 /* Assets.xcassets */ = {isa = PBXFileReference; lastKnownFileType = folder.assetcatalog; path = Assets.xcassets; sourceTree = "<group>"; };
		A27B92A42175D0F500D18AB8 /* Base */ = {isa = PBXFileReference; lastKnownFileType = file.storyboard; name = Base; path = Base.lproj/LaunchScreen.storyboard; sourceTree = "<group>"; };
		A27B92A62175D0F500D18AB8 /* Info.plist */ = {isa = PBXFileReference; lastKnownFileType = text.plist.xml; path = Info.plist; sourceTree = "<group>"; };
		A27B92A72175D0F500D18AB8 /* main.m */ = {isa = PBXFileReference; lastKnownFileType = sourcecode.c.objc; path = main.m; sourceTree = "<group>"; };
		A27B92AF2175D1FC00D18AB8 /* WebViewJavascriptBridge.h */ = {isa = PBXFileReference; fileEncoding = 4; lastKnownFileType = sourcecode.c.h; path = WebViewJavascriptBridge.h; sourceTree = "<group>"; };
		A27B92B02175D1FC00D18AB8 /* WebViewJavascriptBridge.m */ = {isa = PBXFileReference; fileEncoding = 4; lastKnownFileType = sourcecode.c.objc; path = WebViewJavascriptBridge.m; sourceTree = "<group>"; };
		A27B92B12175D1FC00D18AB8 /* WebViewJavascriptBridge_JS.h */ = {isa = PBXFileReference; fileEncoding = 4; lastKnownFileType = sourcecode.c.h; path = WebViewJavascriptBridge_JS.h; sourceTree = "<group>"; };
		A27B92B22175D1FC00D18AB8 /* WebViewJavascriptBridge_JS.m */ = {isa = PBXFileReference; fileEncoding = 4; lastKnownFileType = sourcecode.c.objc; path = WebViewJavascriptBridge_JS.m; sourceTree = "<group>"; };
		A27B92B32175D1FC00D18AB8 /* WebViewJavascriptBridgeBase.h */ = {isa = PBXFileReference; fileEncoding = 4; lastKnownFileType = sourcecode.c.h; path = WebViewJavascriptBridgeBase.h; sourceTree = "<group>"; };
		A27B92B42175D1FC00D18AB8 /* WebViewJavascriptBridgeBase.m */ = {isa = PBXFileReference; fileEncoding = 4; lastKnownFileType = sourcecode.c.objc; path = WebViewJavascriptBridgeBase.m; sourceTree = "<group>"; };
		A27B92B52175D1FC00D18AB8 /* WKWebViewJavascriptBridge.h */ = {isa = PBXFileReference; fileEncoding = 4; lastKnownFileType = sourcecode.c.h; path = WKWebViewJavascriptBridge.h; sourceTree = "<group>"; };
		A27B92B62175D1FC00D18AB8 /* WKWebViewJavascriptBridge.m */ = {isa = PBXFileReference; fileEncoding = 4; lastKnownFileType = sourcecode.c.objc; path = WKWebViewJavascriptBridge.m; sourceTree = "<group>"; };
		A27B92BB2175D26500D18AB8 /* TYWebViewController.h */ = {isa = PBXFileReference; lastKnownFileType = sourcecode.c.h; path = TYWebViewController.h; sourceTree = "<group>"; };
		A27B92BC2175D26500D18AB8 /* TYWebViewController.m */ = {isa = PBXFileReference; lastKnownFileType = sourcecode.c.objc; path = TYWebViewController.m; sourceTree = "<group>"; };
		A27B92BE2175DA5B00D18AB8 /* ExampleApp.html */ = {isa = PBXFileReference; fileEncoding = 4; lastKnownFileType = text.html; path = ExampleApp.html; sourceTree = "<group>"; };
/* End PBXFileReference section */

/* Begin PBXFrameworksBuildPhase section */
		A27B928F2175D0F500D18AB8 /* Frameworks */ = {
			isa = PBXFrameworksBuildPhase;
			buildActionMask = 2147483647;
			files = (
			);
			runOnlyForDeploymentPostprocessing = 0;
		};
/* End PBXFrameworksBuildPhase section */

/* Begin PBXGroup section */
		A27B92892175D0F500D18AB8 = {
			isa = PBXGroup;
			children = (
				A27B92942175D0F500D18AB8 /* threeParties_JS&OC_demo */,
				A27B92932175D0F500D18AB8 /* Products */,
			);
			sourceTree = "<group>";
		};
		A27B92932175D0F500D18AB8 /* Products */ = {
			isa = PBXGroup;
			children = (
				A27B92922175D0F500D18AB8 /* threeParties_JS&OC_demo.app */,
			);
			name = Products;
			sourceTree = "<group>";
		};
		A27B92942175D0F500D18AB8 /* threeParties_JS&OC_demo */ = {
			isa = PBXGroup;
			children = (
				A27B92BE2175DA5B00D18AB8 /* ExampleApp.html */,
				A27B92952175D0F500D18AB8 /* AppDelegate.h */,
				A27B92962175D0F500D18AB8 /* AppDelegate.m */,
				A27B92982175D0F500D18AB8 /* ViewController.h */,
				A27B92992175D0F500D18AB8 /* ViewController.m */,
				A27B92BB2175D26500D18AB8 /* TYWebViewController.h */,
				A27B92BC2175D26500D18AB8 /* TYWebViewController.m */,
				A27B92AE2175D1FC00D18AB8 /* WebViewJavascriptBridge */,
				A27B92A12175D0F500D18AB8 /* Assets.xcassets */,
				A27B92A32175D0F500D18AB8 /* LaunchScreen.storyboard */,
				A27B92A62175D0F500D18AB8 /* Info.plist */,
				A27B92A72175D0F500D18AB8 /* main.m */,
				A27B929E2175D0F500D18AB8 /* threeParties_JS_OC_demo.xcdatamodeld */,
			);
			path = "threeParties_JS&OC_demo";
			sourceTree = "<group>";
		};
		A27B92AE2175D1FC00D18AB8 /* WebViewJavascriptBridge */ = {
			isa = PBXGroup;
			children = (
				A27B92AF2175D1FC00D18AB8 /* WebViewJavascriptBridge.h */,
				A27B92B02175D1FC00D18AB8 /* WebViewJavascriptBridge.m */,
				A27B92B12175D1FC00D18AB8 /* WebViewJavascriptBridge_JS.h */,
				A27B92B22175D1FC00D18AB8 /* WebViewJavascriptBridge_JS.m */,
				A27B92B32175D1FC00D18AB8 /* WebViewJavascriptBridgeBase.h */,
				A27B92B42175D1FC00D18AB8 /* WebViewJavascriptBridgeBase.m */,
				A27B92B52175D1FC00D18AB8 /* WKWebViewJavascriptBridge.h */,
				A27B92B62175D1FC00D18AB8 /* WKWebViewJavascriptBridge.m */,
			);
			path = WebViewJavascriptBridge;
			sourceTree = "<group>";
		};
/* End PBXGroup section */

/* Begin PBXNativeTarget section */
		A27B92912175D0F500D18AB8 /* threeParties_JS&OC_demo */ = {
			isa = PBXNativeTarget;
			buildConfigurationList = A27B92AB2175D0F500D18AB8 /* Build configuration list for PBXNativeTarget "threeParties_JS&OC_demo" */;
			buildPhases = (
				A27B928E2175D0F500D18AB8 /* Sources */,
				A27B928F2175D0F500D18AB8 /* Frameworks */,
				A27B92902175D0F500D18AB8 /* Resources */,
			);
			buildRules = (
			);
			dependencies = (
			);
			name = "threeParties_JS&OC_demo";
			productName = "threeParties_JS&OC_demo";
			productReference = A27B92922175D0F500D18AB8 /* threeParties_JS&OC_demo.app */;
			productType = "com.apple.product-type.application";
		};
/* End PBXNativeTarget section */

/* Begin PBXProject section */
		A27B928A2175D0F500D18AB8 /* Project object */ = {
			isa = PBXProject;
			attributes = {
				LastUpgradeCheck = 0920;
				ORGANIZATIONNAME = "汤义";
				TargetAttributes = {
					A27B92912175D0F500D18AB8 = {
						CreatedOnToolsVersion = 9.2;
						ProvisioningStyle = Automatic;
					};
				};
			};
			buildConfigurationList = A27B928D2175D0F500D18AB8 /* Build configuration list for PBXProject "threeParties_JS&OC_demo" */;
			compatibilityVersion = "Xcode 8.0";
			developmentRegion = en;
			hasScannedForEncodings = 0;
			knownRegions = (
				en,
				Base,
			);
			mainGroup = A27B92892175D0F500D18AB8;
			productRefGroup = A27B92932175D0F500D18AB8 /* Products */;
			projectDirPath = "";
			projectRoot = "";
			targets = (
				A27B92912175D0F500D18AB8 /* threeParties_JS&OC_demo */,
			);
		};
/* End PBXProject section */

/* Begin PBXResourcesBuildPhase section */
		A27B92902175D0F500D18AB8 /* Resources */ = {
			isa = PBXResourcesBuildPhase;
			buildActionMask = 2147483647;
			files = (
				A27B92A52175D0F500D18AB8 /* LaunchScreen.storyboard in Resources */,
				A27B92A22175D0F500D18AB8 /* Assets.xcassets in Resources */,
				A27B92BF2175DA5B00D18AB8 /* ExampleApp.html in Resources */,
			);
			runOnlyForDeploymentPostprocessing = 0;
		};
/* End PBXResourcesBuildPhase section */

/* Begin PBXSourcesBuildPhase section */
		A27B928E2175D0F500D18AB8 /* Sources */ = {
			isa = PBXSourcesBuildPhase;
			buildActionMask = 2147483647;
			files = (
				A27B929A2175D0F500D18AB8 /* ViewController.m in Sources */,
				A27B92BD2175D26500D18AB8 /* TYWebViewController.m in Sources */,
				A27B92A02175D0F500D18AB8 /* threeParties_JS_OC_demo.xcdatamodeld in Sources */,
				A27B92B82175D1FC00D18AB8 /* WebViewJavascriptBridge_JS.m in Sources */,
				A27B92A82175D0F500D18AB8 /* main.m in Sources */,
				A27B92B92175D1FC00D18AB8 /* WebViewJavascriptBridgeBase.m in Sources */,
				A27B92BA2175D1FC00D18AB8 /* WKWebViewJavascriptBridge.m in Sources */,
				A27B92972175D0F500D18AB8 /* AppDelegate.m in Sources */,
				A27B92B72175D1FC00D18AB8 /* WebViewJavascriptBridge.m in Sources */,
			);
			runOnlyForDeploymentPostprocessing = 0;
		};
/* End PBXSourcesBuildPhase section */

/* Begin PBXVariantGroup section */
		A27B92A32175D0F500D18AB8 /* LaunchScreen.storyboard */ = {
			isa = PBXVariantGroup;
			children = (
				A27B92A42175D0F500D18AB8 /* Base */,
			);
			name = LaunchScreen.storyboard;
			sourceTree = "<group>";
		};
/* End PBXVariantGroup section */

/* Begin XCBuildConfiguration section */
		A27B92A92175D0F500D18AB8 /* Debug */ = {
			isa = XCBuildConfiguration;
			buildSettings = {
				ALWAYS_SEARCH_USER_PATHS = NO;
				CLANG_ANALYZER_NONNULL = YES;
				CLANG_ANALYZER_NUMBER_OBJECT_CONVERSION = YES_AGGRESSIVE;
				CLANG_CXX_LANGUAGE_STANDARD = "gnu++14";
				CLANG_CXX_LIBRARY = "libc++";
				CLANG_ENABLE_MODULES = YES;
				CLANG_ENABLE_OBJC_ARC = YES;
				CLANG_WARN_BLOCK_CAPTURE_AUTORELEASING = YES;
				CLANG_WARN_BOOL_CONVERSION = YES;
				CLANG_WARN_COMMA = YES;
				CLANG_WARN_CONSTANT_CONVERSION = YES;
				CLANG_WARN_DIRECT_OBJC_ISA_USAGE = YES_ERROR;
				CLANG_WARN_DOCUMENTATION_COMMENTS = YES;
				CLANG_WARN_EMPTY_BODY = YES;
				CLANG_WARN_ENUM_CONVERSION = YES;
				CLANG_WARN_INFINITE_RECURSION = YES;
				CLANG_WARN_INT_CONVERSION = YES;
				CLANG_WARN_NON_LITERAL_NULL_CONVERSION = YES;
				CLANG_WARN_OBJC_LITERAL_CONVERSION = YES;
				CLANG_WARN_OBJC_ROOT_CLASS = YES_ERROR;
				CLANG_WARN_RANGE_LOOP_ANALYSIS = YES;
				CLANG_WARN_STRICT_PROTOTYPES = YES;
				CLANG_WARN_SUSPICIOUS_MOVE = YES;
				CLANG_WARN_UNGUARDED_AVAILABILITY = YES_AGGRESSIVE;
				CLANG_WARN_UNREACHABLE_CODE = YES;
				CLANG_WARN__DUPLICATE_METHOD_MATCH = YES;
				CODE_SIGN_IDENTITY = "iPhone Developer";
				COPY_PHASE_STRIP = NO;
				DEBUG_INFORMATION_FORMAT = dwarf;
				ENABLE_STRICT_OBJC_MSGSEND = YES;
				ENABLE_TESTABILITY = YES;
				GCC_C_LANGUAGE_STANDARD = gnu11;
				GCC_DYNAMIC_NO_PIC = NO;
				GCC_NO_COMMON_BLOCKS = YES;
				GCC_OPTIMIZATION_LEVEL = 0;
				GCC_PREPROCESSOR_DEFINITIONS = (
					"DEBUG=1",
					"$(inherited)",
				);
				GCC_WARN_64_TO_32_BIT_CONVERSION = YES;
				GCC_WARN_ABOUT_RETURN_TYPE = YES_ERROR;
				GCC_WARN_UNDECLARED_SELECTOR = YES;
				GCC_WARN_UNINITIALIZED_AUTOS = YES_AGGRESSIVE;
				GCC_WARN_UNUSED_FUNCTION = YES;
				GCC_WARN_UNUSED_VARIABLE = YES;
				IPHONEOS_DEPLOYMENT_TARGET = 11.2;
				MTL_ENABLE_DEBUG_INFO = YES;
				ONLY_ACTIVE_ARCH = YES;
				SDKROOT = iphoneos;
			};
			name = Debug;
		};
		A27B92AA2175D0F500D18AB8 /* Release */ = {
			isa = XCBuildConfiguration;
			buildSettings = {
				ALWAYS_SEARCH_USER_PATHS = NO;
				CLANG_ANALYZER_NONNULL = YES;
				CLANG_ANALYZER_NUMBER_OBJECT_CONVERSION = YES_AGGRESSIVE;
				CLANG_CXX_LANGUAGE_STANDARD = "gnu++14";
				CLANG_CXX_LIBRARY = "libc++";
				CLANG_ENABLE_MODULES = YES;
				CLANG_ENABLE_OBJC_ARC = YES;
				CLANG_WARN_BLOCK_CAPTURE_AUTORELEASING = YES;
				CLANG_WARN_BOOL_CONVERSION = YES;
				CLANG_WARN_COMMA = YES;
				CLANG_WARN_CONSTANT_CONVERSION = YES;
				CLANG_WARN_DIRECT_OBJC_ISA_USAGE = YES_ERROR;
				CLANG_WARN_DOCUMENTATION_COMMENTS = YES;
				CLANG_WARN_EMPTY_BODY = YES;
				CLANG_WARN_ENUM_CONVERSION = YES;
				CLANG_WARN_INFINITE_RECURSION = YES;
				CLANG_WARN_INT_CONVERSION = YES;
				CLANG_WARN_NON_LITERAL_NULL_CONVERSION = YES;
				CLANG_WARN_OBJC_LITERAL_CONVERSION = YES;
				CLANG_WARN_OBJC_ROOT_CLASS = YES_ERROR;
				CLANG_WARN_RANGE_LOOP_ANALYSIS = YES;
				CLANG_WARN_STRICT_PROTOTYPES = YES;
				CLANG_WARN_SUSPICIOUS_MOVE = YES;
				CLANG_WARN_UNGUARDED_AVAILABILITY = YES_AGGRESSIVE;
				CLANG_WARN_UNREACHABLE_CODE = YES;
				CLANG_WARN__DUPLICATE_METHOD_MATCH = YES;
				CODE_SIGN_IDENTITY = "iPhone Developer";
				COPY_PHASE_STRIP = NO;
				DEBUG_INFORMATION_FORMAT = "dwarf-with-dsym";
				ENABLE_NS_ASSERTIONS = NO;
				ENABLE_STRICT_OBJC_MSGSEND = YES;
				GCC_C_LANGUAGE_STANDARD = gnu11;
				GCC_NO_COMMON_BLOCKS = YES;
				GCC_WARN_64_TO_32_BIT_CONVERSION = YES;
				GCC_WARN_ABOUT_RETURN_TYPE = YES_ERROR;
				GCC_WARN_UNDECLARED_SELECTOR = YES;
				GCC_WARN_UNINITIALIZED_AUTOS = YES_AGGRESSIVE;
				GCC_WARN_UNUSED_FUNCTION = YES;
				GCC_WARN_UNUSED_VARIABLE = YES;
				IPHONEOS_DEPLOYMENT_TARGET = 11.2;
				MTL_ENABLE_DEBUG_INFO = NO;
				SDKROOT = iphoneos;
				VALIDATE_PRODUCT = YES;
			};
			name = Release;
		};
		A27B92AC2175D0F500D18AB8 /* Debug */ = {
			isa = XCBuildConfiguration;
			buildSettings = {
				ASSETCATALOG_COMPILER_APPICON_NAME = AppIcon;
				CODE_SIGN_STYLE = Automatic;
				DEVELOPMENT_TEAM = N5WRHCE748;
				INFOPLIST_FILE = "threeParties_JS&OC_demo/Info.plist";
				IPHONEOS_DEPLOYMENT_TARGET = 8.0;
				LD_RUNPATH_SEARCH_PATHS = "$(inherited) @executable_path/Frameworks";
				PRODUCT_BUNDLE_IDENTIFIER = "Users-xiyin-desktop-name-Get-image-processing.threeParties-JS-OC-demo";
				PRODUCT_NAME = "$(TARGET_NAME)";
				TARGETED_DEVICE_FAMILY = "1,2";
			};
			name = Debug;
		};
		A27B92AD2175D0F500D18AB8 /* Release */ = {
			isa = XCBuildConfiguration;
			buildSettings = {
				ASSETCATALOG_COMPILER_APPICON_NAME = AppIcon;
				CODE_SIGN_STYLE = Automatic;
				DEVELOPMENT_TEAM = N5WRHCE748;
				INFOPLIST_FILE = "threeParties_JS&OC_demo/Info.plist";
				IPHONEOS_DEPLOYMENT_TARGET = 8.0;
				LD_RUNPATH_SEARCH_PATHS = "$(inherited) @executable_path/Frameworks";
				PRODUCT_BUNDLE_IDENTIFIER = "Users-xiyin-desktop-name-Get-image-processing.threeParties-JS-OC-demo";
				PRODUCT_NAME = "$(TARGET_NAME)";
				TARGETED_DEVICE_FAMILY = "1,2";
			};
			name = Release;
		};
/* End XCBuildConfiguration section */

/* Begin XCConfigurationList section */
		A27B928D2175D0F500D18AB8 /* Build configuration list for PBXProject "threeParties_JS&OC_demo" */ = {
			isa = XCConfigurationList;
			buildConfigurations = (
				A27B92A92175D0F500D18AB8 /* Debug */,
				A27B92AA2175D0F500D18AB8 /* Release */,
			);
			defaultConfigurationIsVisible = 0;
			defaultConfigurationName = Release;
		};
		A27B92AB2175D0F500D18AB8 /* Build configuration list for PBXNativeTarget "threeParties_JS&OC_demo" */ = {
			isa = XCConfigurationList;
			buildConfigurations = (
				A27B92AC2175D0F500D18AB8 /* Debug */,
				A27B92AD2175D0F500D18AB8 /* Release */,
			);
			defaultConfigurationIsVisible = 0;
			defaultConfigurationName = Release;
		};
/* End XCConfigurationList section */

/* Begin XCVersionGroup section */
		A27B929E2175D0F500D18AB8 /* threeParties_JS_OC_demo.xcdatamodeld */ = {
			isa = XCVersionGroup;
			children = (
				A27B929F2175D0F500D18AB8 /* threeParties_JS_OC_demo.xcdatamodel */,
			);
			currentVersion = A27B929F2175D0F500D18AB8 /* threeParties_JS_OC_demo.xcdatamodel */;
			path = threeParties_JS_OC_demo.xcdatamodeld;
			sourceTree = "<group>";
			versionGroupType = wrapper.xcdatamodel;
		};
/* End XCVersionGroup section */
	};
	rootObject = A27B928A2175D0F500D18AB8 /* Project object */;
}
